// !$*UTF8*$!
{
	archiveVersion = 1;
	classes = {
	};
	objectVersion = 50;
	objects = {

/* Begin PBXBuildFile section */
		0F3B8477245F752000724DFD /* main.c in Sources */ = {isa = PBXBuildFile; fileRef = 0F3B8476245F752000724DFD /* main.c */; };
		0F757779246091680018D5B8 /* readln.c in Sources */ = {isa = PBXBuildFile; fileRef = 0F757778246091680018D5B8 /* readln.c */; };
		0F75777C246093FC0018D5B8 /* dialog.c in Sources */ = {isa = PBXBuildFile; fileRef = 0F75777B246093FC0018D5B8 /* dialog.c */; };
		0F75777F2460A99A0018D5B8 /* adding.c in Sources */ = {isa = PBXBuildFile; fileRef = 0F75777E2460A99A0018D5B8 /* adding.c */; };
/* End PBXBuildFile section */

/* Begin PBXCopyFilesBuildPhase section */
		0F3B8471245F752000724DFD /* CopyFiles */ = {
			isa = PBXCopyFilesBuildPhase;
			buildActionMask = 2147483647;
			dstPath = /usr/share/man/man1/;
			dstSubfolderSpec = 0;
			files = (
			);
			runOnlyForDeploymentPostprocessing = 1;
		};
/* End PBXCopyFilesBuildPhase section */

/* Begin PBXFileReference section */
		0F3B8473245F752000724DFD /* lab5 */ = {isa = PBXFileReference; explicitFileType = "compiled.mach-o.executable"; includeInIndex = 0; path = lab5; sourceTree = BUILT_PRODUCTS_DIR; };
		0F3B8476245F752000724DFD /* main.c */ = {isa = PBXFileReference; lastKnownFileType = sourcecode.c.c; path = main.c; sourceTree = "<group>"; };
		0F757777246091680018D5B8 /* readln.h */ = {isa = PBXFileReference; lastKnownFileType = sourcecode.c.h; path = readln.h; sourceTree = "<group>"; };
		0F757778246091680018D5B8 /* readln.c */ = {isa = PBXFileReference; lastKnownFileType = sourcecode.c.c; path = readln.c; sourceTree = "<group>"; };
		0F75777A246093FC0018D5B8 /* dialog.h */ = {isa = PBXFileReference; lastKnownFileType = sourcecode.c.h; path = dialog.h; sourceTree = "<group>"; };
		0F75777B246093FC0018D5B8 /* dialog.c */ = {isa = PBXFileReference; lastKnownFileType = sourcecode.c.c; path = dialog.c; sourceTree = "<group>"; };
		0F75777D2460A99A0018D5B8 /* adding.h */ = {isa = PBXFileReference; lastKnownFileType = sourcecode.c.h; path = adding.h; sourceTree = "<group>"; };
		0F75777E2460A99A0018D5B8 /* adding.c */ = {isa = PBXFileReference; lastKnownFileType = sourcecode.c.c; path = adding.c; sourceTree = "<group>"; };
		0F7577802460AA250018D5B8 /* strukts.h */ = {isa = PBXFileReference; lastKnownFileType = sourcecode.c.h; path = strukts.h; sourceTree = "<group>"; };
/* End PBXFileReference section */

/* Begin PBXFrameworksBuildPhase section */
		0F3B8470245F752000724DFD /* Frameworks */ = {
			isa = PBXFrameworksBuildPhase;
			buildActionMask = 2147483647;
			files = (
			);
			runOnlyForDeploymentPostprocessing = 0;
		};
/* End PBXFrameworksBuildPhase section */

/* Begin PBXGroup section */
		0F3B846A245F752000724DFD = {
			isa = PBXGroup;
			children = (
				0F3B8475245F752000724DFD /* lab5 */,
				0F3B8474245F752000724DFD /* Products */,
			);
			sourceTree = "<group>";
		};
		0F3B8474245F752000724DFD /* Products */ = {
			isa = PBXGroup;
			children = (
				0F3B8473245F752000724DFD /* lab5 */,
			);
			name = Products;
			sourceTree = "<group>";
		};
		0F3B8475245F752000724DFD /* lab5 */ = {
			isa = PBXGroup;
			children = (
				0F3B8476245F752000724DFD /* main.c */,
				0F757777246091680018D5B8 /* readln.h */,
				0F757778246091680018D5B8 /* readln.c */,
				0F75777A246093FC0018D5B8 /* dialog.h */,
				0F75777B246093FC0018D5B8 /* dialog.c */,
				0F75777D2460A99A0018D5B8 /* adding.h */,
				0F75777E2460A99A0018D5B8 /* adding.c */,
				0F7577802460AA250018D5B8 /* strukts.h */,
			);
			path = lab5;
			sourceTree = "<group>";
		};
/* End PBXGroup section */

/* Begin PBXNativeTarget section */
		0F3B8472245F752000724DFD /* lab5 */ = {
			isa = PBXNativeTarget;
			buildConfigurationList = 0F3B847A245F752000724DFD /* Build configuration list for PBXNativeTarget "lab5" */;
			buildPhases = (
				0F3B846F245F752000724DFD /* Sources */,
				0F3B8470245F752000724DFD /* Frameworks */,
				0F3B8471245F752000724DFD /* CopyFiles */,
			);
			buildRules = (
			);
			dependencies = (
			);
			name = lab5;
			productName = lab5;
			productReference = 0F3B8473245F752000724DFD /* lab5 */;
			productType = "com.apple.product-type.tool";
		};
/* End PBXNativeTarget section */

/* Begin PBXProject section */
		0F3B846B245F752000724DFD /* Project object */ = {
			isa = PBXProject;
			attributes = {
				LastUpgradeCheck = 1130;
				ORGANIZATIONNAME = "Данил Морозов";
				TargetAttributes = {
					0F3B8472245F752000724DFD = {
						CreatedOnToolsVersion = 11.3.1;
					};
				};
			};
			buildConfigurationList = 0F3B846E245F752000724DFD /* Build configuration list for PBXProject "lab5" */;
			compatibilityVersion = "Xcode 9.3";
			developmentRegion = en;
			hasScannedForEncodings = 0;
			knownRegions = (
				en,
				Base,
			);
			mainGroup = 0F3B846A245F752000724DFD;
			productRefGroup = 0F3B8474245F752000724DFD /* Products */;
			projectDirPath = "";
			projectRoot = "";
			targets = (
				0F3B8472245F752000724DFD /* lab5 */,
			);
		};
/* End PBXProject section */

/* Begin PBXSourcesBuildPhase section */
		0F3B846F245F752000724DFD /* Sources */ = {
			isa = PBXSourcesBuildPhase;
			buildActionMask = 2147483647;
			files = (
				0F75777F2460A99A0018D5B8 /* adding.c in Sources */,
				0F757779246091680018D5B8 /* readln.c in Sources */,
				0F75777C246093FC0018D5B8 /* dialog.c in Sources */,
				0F3B8477245F752000724DFD /* main.c in Sources */,
			);
			runOnlyForDeploymentPostprocessing = 0;
		};
/* End PBXSourcesBuildPhase section */

/* Begin XCBuildConfiguration section */
		0F3B8478245F752000724DFD /* Debug */ = {
			isa = XCBuildConfiguration;
			buildSettings = {
				ALWAYS_SEARCH_USER_PATHS = NO;
				CLANG_ANALYZER_NONNULL = YES;
				CLANG_ANALYZER_NUMBER_OBJECT_CONVERSION = YES_AGGRESSIVE;
				CLANG_CXX_LANGUAGE_STANDARD = "gnu++14";
				CLANG_CXX_LIBRARY = "libc++";
				CLANG_ENABLE_MODULES = YES;
				CLANG_ENABLE_OBJC_ARC = YES;
				CLANG_ENABLE_OBJC_WEAK = YES;
				CLANG_WARN_BLOCK_CAPTURE_AUTORELEASING = YES;
				CLANG_WARN_BOOL_CONVERSION = YES;
				CLANG_WARN_COMMA = YES;
				CLANG_WARN_CONSTANT_CONVERSION = YES;
				CLANG_WARN_DEPRECATED_OBJC_IMPLEMENTATIONS = YES;
				CLANG_WARN_DIRECT_OBJC_ISA_USAGE = YES_ERROR;
				CLANG_WARN_DOCUMENTATION_COMMENTS = YES;
				CLANG_WARN_EMPTY_BODY = YES;
				CLANG_WARN_ENUM_CONVERSION = YES;
				CLANG_WARN_INFINITE_RECURSION = YES;
				CLANG_WARN_INT_CONVERSION = YES;
				CLANG_WARN_NON_LITERAL_NULL_CONVERSION = YES;
				CLANG_WARN_OBJC_IMPLICIT_RETAIN_SELF = YES;
				CLANG_WARN_OBJC_LITERAL_CONVERSION = YES;
				CLANG_WARN_OBJC_ROOT_CLASS = YES_ERROR;
				CLANG_WARN_RANGE_LOOP_ANALYSIS = YES;
				CLANG_WARN_STRICT_PROTOTYPES = YES;
				CLANG_WARN_SUSPICIOUS_MOVE = YES;
				CLANG_WARN_UNGUARDED_AVAILABILITY = YES_AGGRESSIVE;
				CLANG_WARN_UNREACHABLE_CODE = YES;
				CLANG_WARN__DUPLICATE_METHOD_MATCH = YES;
				COPY_PHASE_STRIP = NO;
				DEBUG_INFORMATION_FORMAT = dwarf;
				ENABLE_STRICT_OBJC_MSGSEND = YES;
				ENABLE_TESTABILITY = YES;
				GCC_C_LANGUAGE_STANDARD = gnu11;
				GCC_DYNAMIC_NO_PIC = NO;
				GCC_NO_COMMON_BLOCKS = YES;
				GCC_OPTIMIZATION_LEVEL = 0;
				GCC_PREPROCESSOR_DEFINITIONS = (
					"DEBUG=1",
					"$(inherited)",
				);
				GCC_WARN_64_TO_32_BIT_CONVERSION = YES;
				GCC_WARN_ABOUT_RETURN_TYPE = YES_ERROR;
				GCC_WARN_UNDECLARED_SELECTOR = YES;
				GCC_WARN_UNINITIALIZED_AUTOS = YES_AGGRESSIVE;
				GCC_WARN_UNUSED_FUNCTION = YES;
				GCC_WARN_UNUSED_VARIABLE = YES;
				MACOSX_DEPLOYMENT_TARGET = 10.14;
				MTL_ENABLE_DEBUG_INFO = INCLUDE_SOURCE;
				MTL_FAST_MATH = YES;
				ONLY_ACTIVE_ARCH = YES;
				SDKROOT = macosx;
			};
			name = Debug;
		};
		0F3B8479245F752000724DFD /* Release */ = {
			isa = XCBuildConfiguration;
			buildSettings = {
				ALWAYS_SEARCH_USER_PATHS = NO;
				CLANG_ANALYZER_NONNULL = YES;
				CLANG_ANALYZER_NUMBER_OBJECT_CONVERSION = YES_AGGRESSIVE;
				CLANG_CXX_LANGUAGE_STANDARD = "gnu++14";
				CLANG_CXX_LIBRARY = "libc++";
				CLANG_ENABLE_MODULES = YES;
				CLANG_ENABLE_OBJC_ARC = YES;
				CLANG_ENABLE_OBJC_WEAK = YES;
				CLANG_WARN_BLOCK_CAPTURE_AUTORELEASING = YES;
				CLANG_WARN_BOOL_CONVERSION = YES;
				CLANG_WARN_COMMA = YES;
				CLANG_WARN_CONSTANT_CONVERSION = YES;
				CLANG_WARN_DEPRECATED_OBJC_IMPLEMENTATIONS = YES;
				CLANG_WARN_DIRECT_OBJC_ISA_USAGE = YES_ERROR;
				CLANG_WARN_DOCUMENTATION_COMMENTS = YES;
				CLANG_WARN_EMPTY_BODY = YES;
				CLANG_WARN_ENUM_CONVERSION = YES;
				CLANG_WARN_INFINITE_RECURSION = YES;
				CLANG_WARN_INT_CONVERSION = YES;
				CLANG_WARN_NON_LITERAL_NULL_CONVERSION = YES;
				CLANG_WARN_OBJC_IMPLICIT_RETAIN_SELF = YES;
				CLANG_WARN_OBJC_LITERAL_CONVERSION = YES;
				CLANG_WARN_OBJC_ROOT_CLASS = YES_ERROR;
				CLANG_WARN_RANGE_LOOP_ANALYSIS = YES;
				CLANG_WARN_STRICT_PROTOTYPES = YES;
				CLANG_WARN_SUSPICIOUS_MOVE = YES;
				CLANG_WARN_UNGUARDED_AVAILABILITY = YES_AGGRESSIVE;
				CLANG_WARN_UNREACHABLE_CODE = YES;
				CLANG_WARN__DUPLICATE_METHOD_MATCH = YES;
				COPY_PHASE_STRIP = NO;
				DEBUG_INFORMATION_FORMAT = "dwarf-with-dsym";
				ENABLE_NS_ASSERTIONS = NO;
				ENABLE_STRICT_OBJC_MSGSEND = YES;
				GCC_C_LANGUAGE_STANDARD = gnu11;
				GCC_NO_COMMON_BLOCKS = YES;
				GCC_WARN_64_TO_32_BIT_CONVERSION = YES;
				GCC_WARN_ABOUT_RETURN_TYPE = YES_ERROR;
				GCC_WARN_UNDECLARED_SELECTOR = YES;
				GCC_WARN_UNINITIALIZED_AUTOS = YES_AGGRESSIVE;
				GCC_WARN_UNUSED_FUNCTION = YES;
				GCC_WARN_UNUSED_VARIABLE = YES;
				MACOSX_DEPLOYMENT_TARGET = 10.14;
				MTL_ENABLE_DEBUG_INFO = NO;
				MTL_FAST_MATH = YES;
				SDKROOT = macosx;
			};
			name = Release;
		};
		0F3B847B245F752000724DFD /* Debug */ = {
			isa = XCBuildConfiguration;
			buildSettings = {
				CODE_SIGN_STYLE = Automatic;
				PRODUCT_NAME = "$(TARGET_NAME)";
			};
			name = Debug;
		};
		0F3B847C245F752000724DFD /* Release */ = {
			isa = XCBuildConfiguration;
			buildSettings = {
				CODE_SIGN_STYLE = Automatic;
				PRODUCT_NAME = "$(TARGET_NAME)";
			};
			name = Release;
		};
/* End XCBuildConfiguration section */

/* Begin XCConfigurationList section */
		0F3B846E245F752000724DFD /* Build configuration list for PBXProject "lab5" */ = {
			isa = XCConfigurationList;
			buildConfigurations = (
				0F3B8478245F752000724DFD /* Debug */,
				0F3B8479245F752000724DFD /* Release */,
			);
			defaultConfigurationIsVisible = 0;
			defaultConfigurationName = Release;
		};
		0F3B847A245F752000724DFD /* Build configuration list for PBXNativeTarget "lab5" */ = {
			isa = XCConfigurationList;
			buildConfigurations = (
				0F3B847B245F752000724DFD /* Debug */,
				0F3B847C245F752000724DFD /* Release */,
			);
			defaultConfigurationIsVisible = 0;
			defaultConfigurationName = Release;
		};
/* End XCConfigurationList section */
	};
	rootObject = 0F3B846B245F752000724DFD /* Project object */;
}
